<?xml version="1.0" encoding="utf-8"?>
<Project ToolsVersion="4.0" xmlns="http://schemas.microsoft.com/developer/msbuild/2003">
  <ItemGroup>
    <Filter Include="resource">
      <UniqueIdentifier>{96390b11-76e8-4a12-9161-58d0b945194e}</UniqueIdentifier>
      <Extensions>rc;ico;cur;bmp;dlg;rc2;rct;bin;rgs;jpg;jpeg;jpe;png;manifest</Extensions>
    </Filter>
    <Filter Include="Classes">
      <UniqueIdentifier>{0533ecb2-bf6d-478b-967a-85f0578a6b65}</UniqueIdentifier>
    </Filter>
    <Filter Include="Classes\Application">
      <UniqueIdentifier>{e6f270e2-2087-4518-89da-0ae3499c5b02}</UniqueIdentifier>
    </Filter>
    <Filter Include="Classes\Game">
      <UniqueIdentifier>{8495fdc6-bc57-4658-b647-67a2914aee53}</UniqueIdentifier>
    </Filter>
    <Filter Include="Classes\Application\Win32">
      <UniqueIdentifier>{0906f650-be6e-4f37-bb68-711e544f34de}</UniqueIdentifier>
    </Filter>
    <Filter Include="Classes\Game\XGGameScene">
      <UniqueIdentifier>{334e5c44-af32-42d0-9965-3539ceb7b2cf}</UniqueIdentifier>
    </Filter>
    <Filter Include="Classes\Game\XGGaneInfo">
      <UniqueIdentifier>{e4255765-4da0-43d7-ad63-e0392d112eff}</UniqueIdentifier>
    </Filter>
    <Filter Include="Classes\Game\XGControlCenter">
      <UniqueIdentifier>{028f3540-6451-49b3-a518-0f55d82b5b90}</UniqueIdentifier>
    </Filter>
    <Filter Include="Classes\Game\XGUnit">
      <UniqueIdentifier>{41ec2483-110e-4ee9-95cd-e109bdafa50f}</UniqueIdentifier>
    </Filter>
    <Filter Include="Classes\Game\XGInput">
      <UniqueIdentifier>{9d6b4b75-c625-4011-ace1-102d3b05e5f9}</UniqueIdentifier>
    </Filter>
    <Filter Include="Classes\Game\XGMap">
      <UniqueIdentifier>{342094b5-cfbf-4316-acb6-0108331306e0}</UniqueIdentifier>
    </Filter>
    <Filter Include="Classes\Game\XGTile">
      <UniqueIdentifier>{dd80c62c-e1c5-4e52-8ca6-3e5553e00a17}</UniqueIdentifier>
    </Filter>
    <Filter Include="Classes\Game\XGDisplay">
      <UniqueIdentifier>{aa49ebb5-b4b6-465b-97b2-fde3d474e2ff}</UniqueIdentifier>
    </Filter>
    <Filter Include="Classes\Game\XGUIMenu">
      <UniqueIdentifier>{94c72352-f40a-4f04-9e7c-3604a66bff27}</UniqueIdentifier>
    </Filter>
    <Filter Include="Classes\Game\XGAIUnit">
      <UniqueIdentifier>{cb80c576-74d6-45b1-abb8-ea0a75c05721}</UniqueIdentifier>
    </Filter>
    <Filter Include="Classes\Application\AppDelegate">
      <UniqueIdentifier>{663dbdcd-1d21-4274-92aa-8706479d85e1}</UniqueIdentifier>
    </Filter>
    <Filter Include="Classes\Game\XGGameFlow">
      <UniqueIdentifier>{f92300e4-630a-4402-b913-adab594009f2}</UniqueIdentifier>
    </Filter>
    <Filter Include="Classes\Game\XGGameInitInfo">
      <UniqueIdentifier>{4d80bf6a-072c-47d2-8e78-a340c6a1b538}</UniqueIdentifier>
    </Filter>
    <Filter Include="Classes\Game\Utils">
      <UniqueIdentifier>{79a82c77-f0d1-461f-ba86-c895c11c4009}</UniqueIdentifier>
    </Filter>
    <Filter Include="Classes\Game\Units">
      <UniqueIdentifier>{fcded213-70c2-4488-a57e-2d1dcb2ab619}</UniqueIdentifier>
    </Filter>
    <Filter Include="Classes\Game\Navigation">
      <UniqueIdentifier>{bec6a8a0-d2ce-4109-bb27-ff049b6dc3f0}</UniqueIdentifier>
    </Filter>
    <Filter Include="Classes\Game\Core">
      <UniqueIdentifier>{6a07fd66-4722-4a1d-a4bb-e93ccdae11ac}</UniqueIdentifier>
    </Filter>
  </ItemGroup>
  <ItemGroup>
    <None Include="res\XComGame.ico">
      <Filter>resource</Filter>
    </None>
    <None Include="..\Resources\Tile.png">
      <Filter>resource</Filter>
    </None>
  </ItemGroup>
  <ItemGroup>
    <ResourceCompile Include="XComGame.rc">
      <Filter>resource</Filter>
    </ResourceCompile>
  </ItemGroup>
  <ItemGroup>
    <ClInclude Include="resource.h">
      <Filter>Classes\Application\Win32</Filter>
    </ClInclude>
    <ClInclude Include="main.h">
      <Filter>Classes\Application\Win32</Filter>
    </ClInclude>
    <ClInclude Include="..\Classes\XGGameScene.h">
      <Filter>Classes\Game\XGGameScene</Filter>
    </ClInclude>
    <ClInclude Include="..\Classes\XGGameInfo.h">
      <Filter>Classes\Game\XGGaneInfo</Filter>
    </ClInclude>
    <ClInclude Include="..\Classes\XGControlCenter.h">
      <Filter>Classes\Game\XGControlCenter</Filter>
    </ClInclude>
    <ClInclude Include="..\Classes\XGInput.h">
      <Filter>Classes\Game\XGInput</Filter>
    </ClInclude>
    <ClInclude Include="..\Classes\XGMap.h">
      <Filter>Classes\Game\XGMap</Filter>
    </ClInclude>
    <ClInclude Include="..\Classes\XGTile.h">
      <Filter>Classes\Game\XGTile</Filter>
    </ClInclude>
    <ClInclude Include="..\Classes\XGDisplay.h">
      <Filter>Classes\Game\XGDisplay</Filter>
    </ClInclude>
    <ClInclude Include="..\Classes\XGUIMenu.h">
      <Filter>Classes\Game\XGUIMenu</Filter>
    </ClInclude>
    <ClInclude Include="..\Classes\XGAIUnit.h">
      <Filter>Classes\Game\XGAIUnit</Filter>
    </ClInclude>
    <ClInclude Include="..\Classes\AppDelegate.h">
      <Filter>Classes\Application\AppDelegate</Filter>
    </ClInclude>
    <ClInclude Include="..\Classes\XGGameFlow.h">
      <Filter>Classes\Game\XGGameFlow</Filter>
    </ClInclude>
    <ClInclude Include="..\Classes\XGGameInitInfo.h">
      <Filter>Classes\Game\XGGameInitInfo</Filter>
    </ClInclude>
    <ClInclude Include="..\Classes\XGBattle.h">
      <Filter>Classes\Game\Core</Filter>
    </ClInclude>
    <ClInclude Include="..\Classes\XGPlayer.h">
      <Filter>Classes\Game\Core</Filter>
    </ClInclude>
    <ClInclude Include="..\Classes\XGUnit.h">
      <Filter>Classes\Game\Core</Filter>
    </ClInclude>
    <ClInclude Include="..\Classes\XGGameData.h">
      <Filter>Classes\Game\Utils</Filter>
    </ClInclude>
    <ClInclude Include="..\Classes\XGAIPlayer.h">
      <Filter>Classes\Game\Core</Filter>
    </ClInclude>
    <ClInclude Include="..\Classes\XGFootman.h">
      <Filter>Classes\Game\Units</Filter>
    </ClInclude>
    <ClInclude Include="..\Classes\XGGrunt.h">
      <Filter>Classes\Game\Units</Filter>
    </ClInclude>
    <ClInclude Include="..\Classes\NavigationHandle.h">
      <Filter>Classes\Game\Navigation</Filter>
    </ClInclude>
  </ItemGroup>
  <ItemGroup>
    <ClCompile Include="main.cpp">
      <Filter>Classes\Application\Win32</Filter>
    </ClCompile>
    <ClCompile Include="..\Classes\XGGameScene.cpp">
      <Filter>Classes\Game\XGGameScene</Filter>
    </ClCompile>
    <ClCompile Include="..\Classes\XGGameInfo.cpp">
      <Filter>Classes\Game\XGGaneInfo</Filter>
    </ClCompile>
    <ClCompile Include="..\Classes\XGControlCenter.cpp">
      <Filter>Classes\Game\XGControlCenter</Filter>
    </ClCompile>
    <ClCompile Include="..\Classes\XGInput.cpp">
      <Filter>Classes\Game\XGInput</Filter>
    </ClCompile>
    <ClCompile Include="..\Classes\XGMap.cpp">
      <Filter>Classes\Game\XGMap</Filter>
    </ClCompile>
    <ClCompile Include="..\Classes\XGTile.cpp">
      <Filter>Classes\Game\XGTile</Filter>
    </ClCompile>
    <ClCompile Include="..\Classes\XGDisplay.cpp">
      <Filter>Classes\Game\XGDisplay</Filter>
    </ClCompile>
    <ClCompile Include="..\Classes\XGUIMenu.cpp">
      <Filter>Classes\Game\XGUIMenu</Filter>
    </ClCompile>
    <ClCompile Include="..\Classes\XGAIUnit.cpp">
      <Filter>Classes\Game\XGAIUnit</Filter>
    </ClCompile>
    <ClCompile Include="..\Classes\AppDelegate.cpp">
      <Filter>Classes\Application\AppDelegate</Filter>
    </ClCompile>
    <ClCompile Include="..\Classes\XGGameFlow.cpp">
      <Filter>Classes\Game\XGGameFlow</Filter>
    </ClCompile>
    <ClCompile Include="..\Classes\XGGameInitInfo.cpp">
      <Filter>Classes\Game\XGGameInitInfo</Filter>
    </ClCompile>
    <ClCompile Include="..\Classes\XGBattle.cpp">
      <Filter>Classes\Game\Core</Filter>
    </ClCompile>
    <ClCompile Include="..\Classes\XGPlayer.cpp">
      <Filter>Classes\Game\Core</Filter>
    </ClCompile>
    <ClCompile Include="..\Classes\XGUnit.cpp">
      <Filter>Classes\Game\Core</Filter>
    </ClCompile>
    <ClCompile Include="..\Classes\XGAIPlayer.cpp">
      <Filter>Classes\Game\Core</Filter>
    </ClCompile>
    <ClCompile Include="..\Classes\XGFootman.cpp">
      <Filter>Classes\Game\Units</Filter>
    </ClCompile>
    <ClCompile Include="..\Classes\XGGrunt.cpp">
      <Filter>Classes\Game\Units</Filter>
    </ClCompile>
    <ClCompile Include="..\Classes\XGGameData.cpp">
      <Filter>Classes\Game\Utils</Filter>
    </ClCompile>
    <ClCompile Include="..\Classes\NavigationHandle.cpp">
      <Filter>Classes\Game\Navigation</Filter>
    </ClCompile>
  </ItemGroup>
</Project>